
Microsoft Visual Studio Solution File, Format Version 12.00
# Visual Studio 15
VisualStudioVersion = 15.0.28307.757
MinimumVisualStudioVersion = 10.0.40219.1
Project("{9A19103F-16F7-4668-BE54-9A1E7A4F7556}") = "GoogleBigQuerySupplyCollector", "GoogleBigQuerySupplyCollector\GoogleBigQuerySupplyCollector.csproj", "{1EDEA06F-3EB5-4C64-AC3E-F65DDCC52960}"
EndProject
Project("{9A19103F-16F7-4668-BE54-9A1E7A4F7556}") = "GoogleBigQuerySupplyCollectorTests", "GoogleBigQuerySupplyCollectorTests\GoogleBigQuerySupplyCollectorTests.csproj", "{15627D42-5D7F-445F-8B56-8D1060F59371}"
EndProject
Project("{FAE04EC0-301F-11D3-BF4B-00C04F79EFBC}") = "GoogleBigQuerySupplyCollectorLoader", "GoogleBigQuerySupplyCollectorLoader\GoogleBigQuerySupplyCollectorLoader.csproj", "{D1623A08-0883-45EA-922C-F7CD409ABE67}"
EndProject
Global
	GlobalSection(SolutionConfigurationPlatforms) = preSolution
		Debug|Any CPU = Debug|Any CPU
		Release|Any CPU = Release|Any CPU
	EndGlobalSection
	GlobalSection(ProjectConfigurationPlatforms) = postSolution
		{1EDEA06F-3EB5-4C64-AC3E-F65DDCC52960}.Debug|Any CPU.ActiveCfg = Debug|Any CPU
		{1EDEA06F-3EB5-4C64-AC3E-F65DDCC52960}.Debug|Any CPU.Build.0 = Debug|Any CPU
		{1EDEA06F-3EB5-4C64-AC3E-F65DDCC52960}.Release|Any CPU.ActiveCfg = Release|Any CPU
		{1EDEA06F-3EB5-4C64-AC3E-F65DDCC52960}.Release|Any CPU.Build.0 = Release|Any CPU
		{15627D42-5D7F-445F-8B56-8D1060F59371}.Debug|Any CPU.ActiveCfg = Debug|Any CPU
		{15627D42-5D7F-445F-8B56-8D1060F59371}.Debug|Any CPU.Build.0 = Debug|Any CPU
		{15627D42-5D7F-445F-8B56-8D1060F59371}.Release|Any CPU.ActiveCfg = Release|Any CPU
		{15627D42-5D7F-445F-8B56-8D1060F59371}.Release|Any CPU.Build.0 = Release|Any CPU
		{D1623A08-0883-45EA-922C-F7CD409ABE67}.Debug|Any CPU.ActiveCfg = Debug|Any CPU
		{D1623A08-0883-45EA-922C-F7CD409ABE67}.Debug|Any CPU.Build.0 = Debug|Any CPU
		{D1623A08-0883-45EA-922C-F7CD409ABE67}.Release|Any CPU.ActiveCfg = Release|Any CPU
		{D1623A08-0883-45EA-922C-F7CD409ABE67}.Release|Any CPU.Build.0 = Release|Any CPU
	EndGlobalSection
	GlobalSection(SolutionProperties) = preSolution
		HideSolutionNode = FALSE
	EndGlobalSection
	GlobalSection(ExtensibilityGlobals) = postSolution
		SolutionGuid = {515B6FBC-76C7-486E-8175-C1CC73D3421F}
	EndGlobalSection
EndGlobal
